
Microsoft Visual Studio Solution File, Format Version 12.00
# Visual Studio 2015
Project("{FAE04EC0-301F-11D3-BF4B-00C04F79EFBC}") = "LibertyVice.CSharp.Plugins", "LibertyVice.CSharp.Plugins.csproj", "{94F004AC-6B9C-6DD8-1BE7-730F2CC2A2A8}"
EndProject
Project("{FAE04EC0-301F-11D3-BF4B-00C04F79EFBC}") = "LibertyVice.CSharp", "LibertyVice.CSharp.csproj", "{4A43B657-8957-B0BB-417E-9FAE9CA4D223}"
EndProject
Project("{FAE04EC0-301F-11D3-BF4B-00C04F79EFBC}") = "LibertyVice.CSharp.Editor", "LibertyVice.CSharp.Editor.csproj", "{5FB65BCE-001E-DEEE-84A7-66859BC455EB}"
EndProject
Global
	GlobalSection(SolutionConfigurationPlatforms) = preSolution
		Debug|Any CPU = Debug|Any CPU
		Release|Any CPU = Release|Any CPU
	EndGlobalSection
	GlobalSection(ProjectConfigurationPlatforms) = postSolution
		{94F004AC-6B9C-6DD8-1BE7-730F2CC2A2A8}.Debug|Any CPU.ActiveCfg = Debug|Any CPU
		{94F004AC-6B9C-6DD8-1BE7-730F2CC2A2A8}.Debug|Any CPU.Build.0 = Debug|Any CPU
		{94F004AC-6B9C-6DD8-1BE7-730F2CC2A2A8}.Release|Any CPU.ActiveCfg = Release|Any CPU
		{94F004AC-6B9C-6DD8-1BE7-730F2CC2A2A8}.Release|Any CPU.Build.0 = Release|Any CPU
		{4A43B657-8957-B0BB-417E-9FAE9CA4D223}.Debug|Any CPU.ActiveCfg = Debug|Any CPU
		{4A43B657-8957-B0BB-417E-9FAE9CA4D223}.Debug|Any CPU.Build.0 = Debug|Any CPU
		{4A43B657-8957-B0BB-417E-9FAE9CA4D223}.Release|Any CPU.ActiveCfg = Release|Any CPU
		{4A43B657-8957-B0BB-417E-9FAE9CA4D223}.Release|Any CPU.Build.0 = Release|Any CPU
		{5FB65BCE-001E-DEEE-84A7-66859BC455EB}.Debug|Any CPU.ActiveCfg = Debug|Any CPU
		{5FB65BCE-001E-DEEE-84A7-66859BC455EB}.Debug|Any CPU.Build.0 = Debug|Any CPU
		{5FB65BCE-001E-DEEE-84A7-66859BC455EB}.Release|Any CPU.ActiveCfg = Release|Any CPU
		{5FB65BCE-001E-DEEE-84A7-66859BC455EB}.Release|Any CPU.Build.0 = Release|Any CPU
	EndGlobalSection
	GlobalSection(SolutionProperties) = preSolution
		HideSolutionNode = FALSE
	EndGlobalSection
EndGlobal
